
Microsoft Visual Studio Solution File, Format Version 12.00
# Visual Studio Version 17
VisualStudioVersion = 17.1.32319.34
MinimumVisualStudioVersion = 10.0.40219.1
Project("{9A19103F-16F7-4668-BE54-9A1E7A4F7556}") = "Client1", "Demo\Client1\Client1.csproj", "{B578B8E8-5927-4314-9AE1-4290AE01326E}"
EndProject
Project("{9A19103F-16F7-4668-BE54-9A1E7A4F7556}") = "Client2", "Demo\Client2\Client2.csproj", "{91F1104C-7B24-425F-BE9F-51D0F5C5751B}"
EndProject
Project("{9A19103F-16F7-4668-BE54-9A1E7A4F7556}") = "PubSub.Api", "PubSub.Api\PubSub.Api.csproj", "{9CF6DBB7-9820-488A-BF6A-21090461B2AC}"
EndProject
Project("{9A19103F-16F7-4668-BE54-9A1E7A4F7556}") = "PubSub.Grpc", "PubSub.Grpc\PubSub.Grpc.csproj", "{1E19D840-0599-4E80-9B2E-6036D0F47204}"
EndProject
Project("{9A19103F-16F7-4668-BE54-9A1E7A4F7556}") = "PubSub.Local.Test", "PubSub.Local.Test\PubSub.Local.Test.csproj", "{E1E22238-627E-4915-9A33-6022BFD0DA3C}"
EndProject
Project("{9A19103F-16F7-4668-BE54-9A1E7A4F7556}") = "PubSub.Local", "PubSub.Local\PubSub.Local.csproj", "{D7922EEF-A930-40DE-B5F4-50854F4A1375}"
EndProject
Project("{9A19103F-16F7-4668-BE54-9A1E7A4F7556}") = "Client.Shared", "Demo\Client.Shared\Client.Shared.csproj", "{0579DD9F-24FB-4229-BE93-887F216FDDDF}"
EndProject
Project("{2150E333-8FDC-42A3-9474-1A3956D46DE8}") = "Demo", "Demo", "{8AD3360F-4FC4-4546-8A69-2AF006184172}"
EndProject
Global
	GlobalSection(SolutionConfigurationPlatforms) = preSolution
		Debug|Any CPU = Debug|Any CPU
		Release|Any CPU = Release|Any CPU
	EndGlobalSection
	GlobalSection(ProjectConfigurationPlatforms) = postSolution
		{B578B8E8-5927-4314-9AE1-4290AE01326E}.Debug|Any CPU.ActiveCfg = Debug|Any CPU
		{B578B8E8-5927-4314-9AE1-4290AE01326E}.Debug|Any CPU.Build.0 = Debug|Any CPU
		{B578B8E8-5927-4314-9AE1-4290AE01326E}.Release|Any CPU.ActiveCfg = Release|Any CPU
		{B578B8E8-5927-4314-9AE1-4290AE01326E}.Release|Any CPU.Build.0 = Release|Any CPU
		{91F1104C-7B24-425F-BE9F-51D0F5C5751B}.Debug|Any CPU.ActiveCfg = Debug|Any CPU
		{91F1104C-7B24-425F-BE9F-51D0F5C5751B}.Debug|Any CPU.Build.0 = Debug|Any CPU
		{91F1104C-7B24-425F-BE9F-51D0F5C5751B}.Release|Any CPU.ActiveCfg = Release|Any CPU
		{91F1104C-7B24-425F-BE9F-51D0F5C5751B}.Release|Any CPU.Build.0 = Release|Any CPU
		{9CF6DBB7-9820-488A-BF6A-21090461B2AC}.Debug|Any CPU.ActiveCfg = Debug|Any CPU
		{9CF6DBB7-9820-488A-BF6A-21090461B2AC}.Debug|Any CPU.Build.0 = Debug|Any CPU
		{9CF6DBB7-9820-488A-BF6A-21090461B2AC}.Release|Any CPU.ActiveCfg = Release|Any CPU
		{9CF6DBB7-9820-488A-BF6A-21090461B2AC}.Release|Any CPU.Build.0 = Release|Any CPU
		{1E19D840-0599-4E80-9B2E-6036D0F47204}.Debug|Any CPU.ActiveCfg = Debug|Any CPU
		{1E19D840-0599-4E80-9B2E-6036D0F47204}.Debug|Any CPU.Build.0 = Debug|Any CPU
		{1E19D840-0599-4E80-9B2E-6036D0F47204}.Release|Any CPU.ActiveCfg = Release|Any CPU
		{1E19D840-0599-4E80-9B2E-6036D0F47204}.Release|Any CPU.Build.0 = Release|Any CPU
		{E1E22238-627E-4915-9A33-6022BFD0DA3C}.Debug|Any CPU.ActiveCfg = Debug|Any CPU
		{E1E22238-627E-4915-9A33-6022BFD0DA3C}.Debug|Any CPU.Build.0 = Debug|Any CPU
		{E1E22238-627E-4915-9A33-6022BFD0DA3C}.Release|Any CPU.ActiveCfg = Release|Any CPU
		{E1E22238-627E-4915-9A33-6022BFD0DA3C}.Release|Any CPU.Build.0 = Release|Any CPU
		{D7922EEF-A930-40DE-B5F4-50854F4A1375}.Debug|Any CPU.ActiveCfg = Debug|Any CPU
		{D7922EEF-A930-40DE-B5F4-50854F4A1375}.Debug|Any CPU.Build.0 = Debug|Any CPU
		{D7922EEF-A930-40DE-B5F4-50854F4A1375}.Release|Any CPU.ActiveCfg = Release|Any CPU
		{D7922EEF-A930-40DE-B5F4-50854F4A1375}.Release|Any CPU.Build.0 = Release|Any CPU
		{0579DD9F-24FB-4229-BE93-887F216FDDDF}.Debug|Any CPU.ActiveCfg = Debug|Any CPU
		{0579DD9F-24FB-4229-BE93-887F216FDDDF}.Debug|Any CPU.Build.0 = Debug|Any CPU
		{0579DD9F-24FB-4229-BE93-887F216FDDDF}.Release|Any CPU.ActiveCfg = Release|Any CPU
		{0579DD9F-24FB-4229-BE93-887F216FDDDF}.Release|Any CPU.Build.0 = Release|Any CPU
	EndGlobalSection
	GlobalSection(SolutionProperties) = preSolution
		HideSolutionNode = FALSE
	EndGlobalSection
	GlobalSection(NestedProjects) = preSolution
		{B578B8E8-5927-4314-9AE1-4290AE01326E} = {8AD3360F-4FC4-4546-8A69-2AF006184172}
		{91F1104C-7B24-425F-BE9F-51D0F5C5751B} = {8AD3360F-4FC4-4546-8A69-2AF006184172}
		{0579DD9F-24FB-4229-BE93-887F216FDDDF} = {8AD3360F-4FC4-4546-8A69-2AF006184172}
	EndGlobalSection
	GlobalSection(ExtensibilityGlobals) = postSolution
		SolutionGuid = {8DD3C161-B9CB-44B8-BC56-9FEBF871387C}
	EndGlobalSection
EndGlobal
